
Microsoft Visual Studio Solution File, Format Version 12.00
# Visual Studio Version 17
VisualStudioVersion = 17.8.34511.84
MinimumVisualStudioVersion = 10.0.40219.1
Project("{FAE04EC0-301F-11D3-BF4B-00C04F79EFBC}") = "Aula 01", "Aula 01.csproj", "{A8727BF5-A315-4118-9D67-00D1F60FA0A8}"
EndProject
Global
	GlobalSection(SolutionConfigurationPlatforms) = preSolution
		Debug|Any CPU = Debug|Any CPU
		Release|Any CPU = Release|Any CPU
	EndGlobalSection
	GlobalSection(ProjectConfigurationPlatforms) = postSolution
		{A8727BF5-A315-4118-9D67-00D1F60FA0A8}.Debug|Any CPU.ActiveCfg = Debug|Any CPU
		{A8727BF5-A315-4118-9D67-00D1F60FA0A8}.Debug|Any CPU.Build.0 = Debug|Any CPU
		{A8727BF5-A315-4118-9D67-00D1F60FA0A8}.Release|Any CPU.ActiveCfg = Release|Any CPU
		{A8727BF5-A315-4118-9D67-00D1F60FA0A8}.Release|Any CPU.Build.0 = Release|Any CPU
	EndGlobalSection
	GlobalSection(SolutionProperties) = preSolution
		HideSolutionNode = FALSE
	EndGlobalSection
	GlobalSection(ExtensibilityGlobals) = postSolution
		SolutionGuid = {CD4D9766-8816-4F62-9BE4-2DEE05B1A2EF}
	EndGlobalSection
EndGlobal
